// !$*UTF8*$!
{
	archiveVersion = 1;
	classes = {
	};
	objectVersion = 46;
	objects = {

/* Begin PBXBuildFile section */
		F7184C3C1B4B4C4E0001E2A4 /* ZipTextFieldDelegate.swift in Sources */ = {isa = PBXBuildFile; fileRef = F7184C3B1B4B4C4E0001E2A4 /* ZipTextFieldDelegate.swift */; };
		F7C63A711B4609330058C1D0 /* AppDelegate.swift in Sources */ = {isa = PBXBuildFile; fileRef = F7C63A701B4609330058C1D0 /* AppDelegate.swift */; };
		F7C63A731B4609330058C1D0 /* ViewController.swift in Sources */ = {isa = PBXBuildFile; fileRef = F7C63A721B4609330058C1D0 /* ViewController.swift */; };
		F7C63A761B4609330058C1D0 /* Main.storyboard in Resources */ = {isa = PBXBuildFile; fileRef = F7C63A741B4609330058C1D0 /* Main.storyboard */; };
		F7C63A781B4609330058C1D0 /* Images.xcassets in Resources */ = {isa = PBXBuildFile; fileRef = F7C63A771B4609330058C1D0 /* Images.xcassets */; };
		F7C63A7B1B4609330058C1D0 /* LaunchScreen.xib in Resources */ = {isa = PBXBuildFile; fileRef = F7C63A791B4609330058C1D0 /* LaunchScreen.xib */; };
		F7C63A871B4609330058C1D0 /* TextFieldChallengeAppTests.swift in Sources */ = {isa = PBXBuildFile; fileRef = F7C63A861B4609330058C1D0 /* TextFieldChallengeAppTests.swift */; };
/* End PBXBuildFile section */

/* Begin PBXContainerItemProxy section */
		F7C63A811B4609330058C1D0 /* PBXContainerItemProxy */ = {
			isa = PBXContainerItemProxy;
			containerPortal = F7C63A631B4609320058C1D0 /* Project object */;
			proxyType = 1;
			remoteGlobalIDString = F7C63A6A1B4609320058C1D0;
			remoteInfo = TextFieldChallengeApp;
		};
/* End PBXContainerItemProxy section */

/* Begin PBXFileReference section */
		F7184C3B1B4B4C4E0001E2A4 /* ZipTextFieldDelegate.swift */ = {isa = PBXFileReference; fileEncoding = 4; lastKnownFileType = sourcecode.swift; path = ZipTextFieldDelegate.swift; sourceTree = "<group>"; };
		F7C63A6B1B4609320058C1D0 /* TextFieldChallengeApp.app */ = {isa = PBXFileReference; explicitFileType = wrapper.application; includeInIndex = 0; path = TextFieldChallengeApp.app; sourceTree = BUILT_PRODUCTS_DIR; };
		F7C63A6F1B4609330058C1D0 /* Info.plist */ = {isa = PBXFileReference; lastKnownFileType = text.plist.xml; path = Info.plist; sourceTree = "<group>"; };
		F7C63A701B4609330058C1D0 /* AppDelegate.swift */ = {isa = PBXFileReference; lastKnownFileType = sourcecode.swift; path = AppDelegate.swift; sourceTree = "<group>"; };
		F7C63A721B4609330058C1D0 /* ViewController.swift */ = {isa = PBXFileReference; lastKnownFileType = sourcecode.swift; path = ViewController.swift; sourceTree = "<group>"; };
		F7C63A751B4609330058C1D0 /* Base */ = {isa = PBXFileReference; lastKnownFileType = file.storyboard; name = Base; path = Base.lproj/Main.storyboard; sourceTree = "<group>"; };
		F7C63A771B4609330058C1D0 /* Images.xcassets */ = {isa = PBXFileReference; lastKnownFileType = folder.assetcatalog; path = Images.xcassets; sourceTree = "<group>"; };
		F7C63A7A1B4609330058C1D0 /* Base */ = {isa = PBXFileReference; lastKnownFileType = file.xib; name = Base; path = Base.lproj/LaunchScreen.xib; sourceTree = "<group>"; };
		F7C63A801B4609330058C1D0 /* TextFieldChallengeAppTests.xctest */ = {isa = PBXFileReference; explicitFileType = wrapper.cfbundle; includeInIndex = 0; path = TextFieldChallengeAppTests.xctest; sourceTree = BUILT_PRODUCTS_DIR; };
		F7C63A851B4609330058C1D0 /* Info.plist */ = {isa = PBXFileReference; lastKnownFileType = text.plist.xml; path = Info.plist; sourceTree = "<group>"; };
		F7C63A861B4609330058C1D0 /* TextFieldChallengeAppTests.swift */ = {isa = PBXFileReference; lastKnownFileType = sourcecode.swift; path = TextFieldChallengeAppTests.swift; sourceTree = "<group>"; };
/* End PBXFileReference section */

/* Begin PBXFrameworksBuildPhase section */
		F7C63A681B4609320058C1D0 /* Frameworks */ = {
			isa = PBXFrameworksBuildPhase;
			buildActionMask = 2147483647;
			files = (
			);
			runOnlyForDeploymentPostprocessing = 0;
		};
		F7C63A7D1B4609330058C1D0 /* Frameworks */ = {
			isa = PBXFrameworksBuildPhase;
			buildActionMask = 2147483647;
			files = (
			);
			runOnlyForDeploymentPostprocessing = 0;
		};
/* End PBXFrameworksBuildPhase section */

/* Begin PBXGroup section */
		F7C63A621B4609320058C1D0 = {
			isa = PBXGroup;
			children = (
				F7C63A6D1B4609320058C1D0 /* TextFieldChallengeApp */,
				F7C63A831B4609330058C1D0 /* TextFieldChallengeAppTests */,
				F7C63A6C1B4609320058C1D0 /* Products */,
			);
			sourceTree = "<group>";
		};
		F7C63A6C1B4609320058C1D0 /* Products */ = {
			isa = PBXGroup;
			children = (
				F7C63A6B1B4609320058C1D0 /* TextFieldChallengeApp.app */,
				F7C63A801B4609330058C1D0 /* TextFieldChallengeAppTests.xctest */,
			);
			name = Products;
			sourceTree = "<group>";
		};
		F7C63A6D1B4609320058C1D0 /* TextFieldChallengeApp */ = {
			isa = PBXGroup;
			children = (
				F7C63A701B4609330058C1D0 /* AppDelegate.swift */,
				F7C63A721B4609330058C1D0 /* ViewController.swift */,
				F7C63A741B4609330058C1D0 /* Main.storyboard */,
				F7C63A771B4609330058C1D0 /* Images.xcassets */,
				F7C63A791B4609330058C1D0 /* LaunchScreen.xib */,
				F7C63A6E1B4609330058C1D0 /* Supporting Files */,
				F7184C3B1B4B4C4E0001E2A4 /* ZipTextFieldDelegate.swift */,
			);
			path = TextFieldChallengeApp;
			sourceTree = "<group>";
		};
		F7C63A6E1B4609330058C1D0 /* Supporting Files */ = {
			isa = PBXGroup;
			children = (
				F7C63A6F1B4609330058C1D0 /* Info.plist */,
			);
			name = "Supporting Files";
			sourceTree = "<group>";
		};
		F7C63A831B4609330058C1D0 /* TextFieldChallengeAppTests */ = {
			isa = PBXGroup;
			children = (
				F7C63A861B4609330058C1D0 /* TextFieldChallengeAppTests.swift */,
				F7C63A841B4609330058C1D0 /* Supporting Files */,
			);
			path = TextFieldChallengeAppTests;
			sourceTree = "<group>";
		};
		F7C63A841B4609330058C1D0 /* Supporting Files */ = {
			isa = PBXGroup;
			children = (
				F7C63A851B4609330058C1D0 /* Info.plist */,
			);
			name = "Supporting Files";
			sourceTree = "<group>";
		};
/* End PBXGroup section */

/* Begin PBXNativeTarget section */
		F7C63A6A1B4609320058C1D0 /* TextFieldChallengeApp */ = {
			isa = PBXNativeTarget;
			buildConfigurationList = F7C63A8A1B4609330058C1D0 /* Build configuration list for PBXNativeTarget "TextFieldChallengeApp" */;
			buildPhases = (
				F7C63A671B4609320058C1D0 /* Sources */,
				F7C63A681B4609320058C1D0 /* Frameworks */,
				F7C63A691B4609320058C1D0 /* Resources */,
			);
			buildRules = (
			);
			dependencies = (
			);
			name = TextFieldChallengeApp;
			productName = TextFieldChallengeApp;
			productReference = F7C63A6B1B4609320058C1D0 /* TextFieldChallengeApp.app */;
			productType = "com.apple.product-type.application";
		};
		F7C63A7F1B4609330058C1D0 /* TextFieldChallengeAppTests */ = {
			isa = PBXNativeTarget;
			buildConfigurationList = F7C63A8D1B4609330058C1D0 /* Build configuration list for PBXNativeTarget "TextFieldChallengeAppTests" */;
			buildPhases = (
				F7C63A7C1B4609330058C1D0 /* Sources */,
				F7C63A7D1B4609330058C1D0 /* Frameworks */,
				F7C63A7E1B4609330058C1D0 /* Resources */,
			);
			buildRules = (
			);
			dependencies = (
				F7C63A821B4609330058C1D0 /* PBXTargetDependency */,
			);
			name = TextFieldChallengeAppTests;
			productName = TextFieldChallengeAppTests;
			productReference = F7C63A801B4609330058C1D0 /* TextFieldChallengeAppTests.xctest */;
			productType = "com.apple.product-type.bundle.unit-test";
		};
/* End PBXNativeTarget section */

/* Begin PBXProject section */
		F7C63A631B4609320058C1D0 /* Project object */ = {
			isa = PBXProject;
			attributes = {
				LastUpgradeCheck = 0640;
				ORGANIZATIONNAME = "Rodrigo Webler";
				TargetAttributes = {
					F7C63A6A1B4609320058C1D0 = {
						CreatedOnToolsVersion = 6.4;
					};
					F7C63A7F1B4609330058C1D0 = {
						CreatedOnToolsVersion = 6.4;
						TestTargetID = F7C63A6A1B4609320058C1D0;
					};
				};
			};
			buildConfigurationList = F7C63A661B4609320058C1D0 /* Build configuration list for PBXProject "TextFieldChallengeApp" */;
			compatibilityVersion = "Xcode 3.2";
			developmentRegion = English;
			hasScannedForEncodings = 0;
			knownRegions = (
				en,
				Base,
			);
			mainGroup = F7C63A621B4609320058C1D0;
			productRefGroup = F7C63A6C1B4609320058C1D0 /* Products */;
			projectDirPath = "";
			projectRoot = "";
			targets = (
				F7C63A6A1B4609320058C1D0 /* TextFieldChallengeApp */,
				F7C63A7F1B4609330058C1D0 /* TextFieldChallengeAppTests */,
			);
		};
/* End PBXProject section */

/* Begin PBXResourcesBuildPhase section */
		F7C63A691B4609320058C1D0 /* Resources */ = {
			isa = PBXResourcesBuildPhase;
			buildActionMask = 2147483647;
			files = (
				F7C63A761B4609330058C1D0 /* Main.storyboard in Resources */,
				F7C63A7B1B4609330058C1D0 /* LaunchScreen.xib in Resources */,
				F7C63A781B4609330058C1D0 /* Images.xcassets in Resources */,
			);
			runOnlyForDeploymentPostprocessing = 0;
		};
		F7C63A7E1B4609330058C1D0 /* Resources */ = {
			isa = PBXResourcesBuildPhase;
			buildActionMask = 2147483647;
			files = (
			);
			runOnlyForDeploymentPostprocessing = 0;
		};
/* End PBXResourcesBuildPhase section */

/* Begin PBXSourcesBuildPhase section */
		F7C63A671B4609320058C1D0 /* Sources */ = {
			isa = PBXSourcesBuildPhase;
			buildActionMask = 2147483647;
			files = (
				F7C63A731B4609330058C1D0 /* ViewController.swift in Sources */,
				F7184C3C1B4B4C4E0001E2A4 /* ZipTextFieldDelegate.swift in Sources */,
				F7C63A711B4609330058C1D0 /* AppDelegate.swift in Sources */,
			);
			runOnlyForDeploymentPostprocessing = 0;
		};
		F7C63A7C1B4609330058C1D0 /* Sources */ = {
			isa = PBXSourcesBuildPhase;
			buildActionMask = 2147483647;
			files = (
				F7C63A871B4609330058C1D0 /* TextFieldChallengeAppTests.swift in Sources */,
			);
			runOnlyForDeploymentPostprocessing = 0;
		};
/* End PBXSourcesBuildPhase section */

/* Begin PBXTargetDependency section */
		F7C63A821B4609330058C1D0 /* PBXTargetDependency */ = {
			isa = PBXTargetDependency;
			target = F7C63A6A1B4609320058C1D0 /* TextFieldChallengeApp */;
			targetProxy = F7C63A811B4609330058C1D0 /* PBXContainerItemProxy */;
		};
/* End PBXTargetDependency section */

/* Begin PBXVariantGroup section */
		F7C63A741B4609330058C1D0 /* Main.storyboard */ = {
			isa = PBXVariantGroup;
			children = (
				F7C63A751B4609330058C1D0 /* Base */,
			);
			name = Main.storyboard;
			sourceTree = "<group>";
		};
		F7C63A791B4609330058C1D0 /* LaunchScreen.xib */ = {
			isa = PBXVariantGroup;
			children = (
				F7C63A7A1B4609330058C1D0 /* Base */,
			);
			name = LaunchScreen.xib;
			sourceTree = "<group>";
		};
/* End PBXVariantGroup section */

/* Begin XCBuildConfiguration section */
		F7C63A881B4609330058C1D0 /* Debug */ = {
			isa = XCBuildConfiguration;
			buildSettings = {
				ALWAYS_SEARCH_USER_PATHS = NO;
				CLANG_CXX_LANGUAGE_STANDARD = "gnu++0x";
				CLANG_CXX_LIBRARY = "libc++";
				CLANG_ENABLE_MODULES = YES;
				CLANG_ENABLE_OBJC_ARC = YES;
				CLANG_WARN_BOOL_CONVERSION = YES;
				CLANG_WARN_CONSTANT_CONVERSION = YES;
				CLANG_WARN_DIRECT_OBJC_ISA_USAGE = YES_ERROR;
				CLANG_WARN_EMPTY_BODY = YES;
				CLANG_WARN_ENUM_CONVERSION = YES;
				CLANG_WARN_INT_CONVERSION = YES;
				CLANG_WARN_OBJC_ROOT_CLASS = YES_ERROR;
				CLANG_WARN_UNREACHABLE_CODE = YES;
				CLANG_WARN__DUPLICATE_METHOD_MATCH = YES;
				"CODE_SIGN_IDENTITY[sdk=iphoneos*]" = "iPhone Developer";
				COPY_PHASE_STRIP = NO;
				DEBUG_INFORMATION_FORMAT = "dwarf-with-dsym";
				ENABLE_STRICT_OBJC_MSGSEND = YES;
				GCC_C_LANGUAGE_STANDARD = gnu99;
				GCC_DYNAMIC_NO_PIC = NO;
				GCC_NO_COMMON_BLOCKS = YES;
				GCC_OPTIMIZATION_LEVEL = 0;
				GCC_PREPROCESSOR_DEFINITIONS = (
					"DEBUG=1",
					"$(inherited)",
				);
				GCC_SYMBOLS_PRIVATE_EXTERN = NO;
				GCC_WARN_64_TO_32_BIT_CONVERSION = YES;
				GCC_WARN_ABOUT_RETURN_TYPE = YES_ERROR;
				GCC_WARN_UNDECLARED_SELECTOR = YES;
				GCC_WARN_UNINITIALIZED_AUTOS = YES_AGGRESSIVE;
				GCC_WARN_UNUSED_FUNCTION = YES;
				GCC_WARN_UNUSED_VARIABLE = YES;
				IPHONEOS_DEPLOYMENT_TARGET = 8.4;
				MTL_ENABLE_DEBUG_INFO = YES;
				ONLY_ACTIVE_ARCH = YES;
				SDKROOT = iphoneos;
				SWIFT_OPTIMIZATION_LEVEL = "-Onone";
			};
			name = Debug;
		};
		F7C63A891B4609330058C1D0 /* Release */ = {
			isa = XCBuildConfiguration;
			buildSettings = {
				ALWAYS_SEARCH_USER_PATHS = NO;
				CLANG_CXX_LANGUAGE_STANDARD = "gnu++0x";
				CLANG_CXX_LIBRARY = "libc++";
				CLANG_ENABLE_MODULES = YES;
				CLANG_ENABLE_OBJC_ARC = YES;
				CLANG_WARN_BOOL_CONVERSION = YES;
				CLANG_WARN_CONSTANT_CONVERSION = YES;
				CLANG_WARN_DIRECT_OBJC_ISA_USAGE = YES_ERROR;
				CLANG_WARN_EMPTY_BODY = YES;
				CLANG_WARN_ENUM_CONVERSION = YES;
				CLANG_WARN_INT_CONVERSION = YES;
				CLANG_WARN_OBJC_ROOT_CLASS = YES_ERROR;
				CLANG_WARN_UNREACHABLE_CODE = YES;
				CLANG_WARN__DUPLICATE_METHOD_MATCH = YES;
				"CODE_SIGN_IDENTITY[sdk=iphoneos*]" = "iPhone Developer";
				COPY_PHASE_STRIP = NO;
				DEBUG_INFORMATION_FORMAT = "dwarf-with-dsym";
				ENABLE_NS_ASSERTIONS = NO;
				ENABLE_STRICT_OBJC_MSGSEND = YES;
				GCC_C_LANGUAGE_STANDARD = gnu99;
				GCC_NO_COMMON_BLOCKS = YES;
				GCC_WARN_64_TO_32_BIT_CONVERSION = YES;
				GCC_WARN_ABOUT_RETURN_TYPE = YES_ERROR;
				GCC_WARN_UNDECLARED_SELECTOR = YES;
				GCC_WARN_UNINITIALIZED_AUTOS = YES_AGGRESSIVE;
				GCC_WARN_UNUSED_FUNCTION = YES;
				GCC_WARN_UNUSED_VARIABLE = YES;
				IPHONEOS_DEPLOYMENT_TARGET = 8.4;
				MTL_ENABLE_DEBUG_INFO = NO;
				SDKROOT = iphoneos;
				VALIDATE_PRODUCT = YES;
			};
			name = Release;
		};
		F7C63A8B1B4609330058C1D0 /* Debug */ = {
			isa = XCBuildConfiguration;
			buildSettings = {
				ASSETCATALOG_COMPILER_APPICON_NAME = AppIcon;
				INFOPLIST_FILE = TextFieldChallengeApp/Info.plist;
				LD_RUNPATH_SEARCH_PATHS = "$(inherited) @executable_path/Frameworks";
				PRODUCT_NAME = "$(TARGET_NAME)";
			};
			name = Debug;
		};
		F7C63A8C1B4609330058C1D0 /* Release */ = {
			isa = XCBuildConfiguration;
			buildSettings = {
				ASSETCATALOG_COMPILER_APPICON_NAME = AppIcon;
				INFOPLIST_FILE = TextFieldChallengeApp/Info.plist;
				LD_RUNPATH_SEARCH_PATHS = "$(inherited) @executable_path/Frameworks";
				PRODUCT_NAME = "$(TARGET_NAME)";
			};
			name = Release;
		};
		F7C63A8E1B4609330058C1D0 /* Debug */ = {
			isa = XCBuildConfiguration;
			buildSettings = {
				BUNDLE_LOADER = "$(TEST_HOST)";
				FRAMEWORK_SEARCH_PATHS = (
					"$(SDKROOT)/Developer/Library/Frameworks",
					"$(inherited)",
				);
				GCC_PREPROCESSOR_DEFINITIONS = (
					"DEBUG=1",
					"$(inherited)",
				);
				INFOPLIST_FILE = TextFieldChallengeAppTests/Info.plist;
				LD_RUNPATH_SEARCH_PATHS = "$(inherited) @executable_path/Frameworks @loader_path/Frameworks";
				PRODUCT_NAME = "$(TARGET_NAME)";
				TEST_HOST = "$(BUILT_PRODUCTS_DIR)/TextFieldChallengeApp.app/TextFieldChallengeApp";
			};
			name = Debug;
		};
		F7C63A8F1B4609330058C1D0 /* Release */ = {
			isa = XCBuildConfiguration;
			buildSettings = {
				BUNDLE_LOADER = "$(TEST_HOST)";
				FRAMEWORK_SEARCH_PATHS = (
					"$(SDKROOT)/Developer/Library/Frameworks",
					"$(inherited)",
				);
				INFOPLIST_FILE = TextFieldChallengeAppTests/Info.plist;
				LD_RUNPATH_SEARCH_PATHS = "$(inherited) @executable_path/Frameworks @loader_path/Frameworks";
				PRODUCT_NAME = "$(TARGET_NAME)";
				TEST_HOST = "$(BUILT_PRODUCTS_DIR)/TextFieldChallengeApp.app/TextFieldChallengeApp";
			};
			name = Release;
		};
/* End XCBuildConfiguration section */

/* Begin XCConfigurationList section */
		F7C63A661B4609320058C1D0 /* Build configuration list for PBXProject "TextFieldChallengeApp" */ = {
			isa = XCConfigurationList;
			buildConfigurations = (
				F7C63A881B4609330058C1D0 /* Debug */,
				F7C63A891B4609330058C1D0 /* Release */,
			);
			defaultConfigurationIsVisible = 0;
			defaultConfigurationName = Release;
		};
		F7C63A8A1B4609330058C1D0 /* Build configuration list for PBXNativeTarget "TextFieldChallengeApp" */ = {
			isa = XCConfigurationList;
			buildConfigurations = (
				F7C63A8B1B4609330058C1D0 /* Debug */,
				F7C63A8C1B4609330058C1D0 /* Release */,
			);
			defaultConfigurationIsVisible = 0;
			defaultConfigurationName = Release;
		};
		F7C63A8D1B4609330058C1D0 /* Build configuration list for PBXNativeTarget "TextFieldChallengeAppTests" */ = {
			isa = XCConfigurationList;
			buildConfigurations = (
				F7C63A8E1B4609330058C1D0 /* Debug */,
				F7C63A8F1B4609330058C1D0 /* Release */,
			);
			defaultConfigurationIsVisible = 0;
			defaultConfigurationName = Release;
		};
/* End XCConfigurationList section */
	};
	rootObject = F7C63A631B4609320058C1D0 /* Project object */;
}
